
Microsoft Visual Studio Solution File, Format Version 12.00
# Visual Studio Version 17
VisualStudioVersion = 17.11.35219.272
MinimumVisualStudioVersion = 10.0.40219.1
Project("{2150E333-8FDC-42A3-9474-1A3956D46DE8}") = "1. Project", "1. Project", "{091A0E03-D187-47FA-8E03-15C6A7D2206B}"
EndProject
Project("{2150E333-8FDC-42A3-9474-1A3956D46DE8}") = "2. BLL", "2. BLL", "{3DB42D71-363C-4D1F-AA4F-B894F8DA7974}"
EndProject
Project("{2150E333-8FDC-42A3-9474-1A3956D46DE8}") = "3. DAL", "3. DAL", "{05C540D8-518A-4807-8399-72A25EBEDE74}"
EndProject
Project("{9A19103F-16F7-4668-BE54-9A1E7A4F7556}") = "BLL", "BLL\BLL.csproj", "{68B95F6E-F746-4339-A049-2998F3174614}"
EndProject
Project("{9A19103F-16F7-4668-BE54-9A1E7A4F7556}") = "DAL", "DAL\DAL.csproj", "{0949B772-7959-4526-83C6-23EB72B886FC}"
EndProject
Project("{2150E333-8FDC-42A3-9474-1A3956D46DE8}") = "FE", "FE", "{736214F7-B10B-4C7A-8E2C-4207AE564ACC}"
EndProject
Project("{9A19103F-16F7-4668-BE54-9A1E7A4F7556}") = "MMLS - MVC", "MMLS - MVC\MMLS - MVC.csproj", "{566E9352-41CC-4F93-B01A-EFB0410B823C}"
EndProject
Global
	GlobalSection(SolutionConfigurationPlatforms) = preSolution
		Debug|Any CPU = Debug|Any CPU
		Release|Any CPU = Release|Any CPU
	EndGlobalSection
	GlobalSection(ProjectConfigurationPlatforms) = postSolution
		{68B95F6E-F746-4339-A049-2998F3174614}.Debug|Any CPU.ActiveCfg = Debug|Any CPU
		{68B95F6E-F746-4339-A049-2998F3174614}.Debug|Any CPU.Build.0 = Debug|Any CPU
		{68B95F6E-F746-4339-A049-2998F3174614}.Release|Any CPU.ActiveCfg = Release|Any CPU
		{68B95F6E-F746-4339-A049-2998F3174614}.Release|Any CPU.Build.0 = Release|Any CPU
		{0949B772-7959-4526-83C6-23EB72B886FC}.Debug|Any CPU.ActiveCfg = Debug|Any CPU
		{0949B772-7959-4526-83C6-23EB72B886FC}.Debug|Any CPU.Build.0 = Debug|Any CPU
		{0949B772-7959-4526-83C6-23EB72B886FC}.Release|Any CPU.ActiveCfg = Release|Any CPU
		{0949B772-7959-4526-83C6-23EB72B886FC}.Release|Any CPU.Build.0 = Release|Any CPU
		{566E9352-41CC-4F93-B01A-EFB0410B823C}.Debug|Any CPU.ActiveCfg = Debug|Any CPU
		{566E9352-41CC-4F93-B01A-EFB0410B823C}.Debug|Any CPU.Build.0 = Debug|Any CPU
		{566E9352-41CC-4F93-B01A-EFB0410B823C}.Release|Any CPU.ActiveCfg = Release|Any CPU
		{566E9352-41CC-4F93-B01A-EFB0410B823C}.Release|Any CPU.Build.0 = Release|Any CPU
	EndGlobalSection
	GlobalSection(SolutionProperties) = preSolution
		HideSolutionNode = FALSE
	EndGlobalSection
	GlobalSection(NestedProjects) = preSolution
		{68B95F6E-F746-4339-A049-2998F3174614} = {3DB42D71-363C-4D1F-AA4F-B894F8DA7974}
		{0949B772-7959-4526-83C6-23EB72B886FC} = {05C540D8-518A-4807-8399-72A25EBEDE74}
		{736214F7-B10B-4C7A-8E2C-4207AE564ACC} = {091A0E03-D187-47FA-8E03-15C6A7D2206B}
		{566E9352-41CC-4F93-B01A-EFB0410B823C} = {736214F7-B10B-4C7A-8E2C-4207AE564ACC}
	EndGlobalSection
	GlobalSection(ExtensibilityGlobals) = postSolution
		SolutionGuid = {A5D01BAA-162B-4312-89A9-EF689FA62E85}
	EndGlobalSection
EndGlobal
